{
  "name": "demo",
  "version": "1.0.0",
  "lockfileVersion": 1,
  "requires": true,
  "dependencies": {
    "dag-js": {
      "version": "file:..",
      "requires": {
        "d3": "^3.5.12",
        "d3plus-text": "^1.0.3"
      },
      "dependencies": {
        "d3": {
          "version": "3.5.12",
          "resolved": "https://registry.npmjs.org/d3/-/d3-3.5.12.tgz",
          "integrity": "sha512-BDc9GtDww5Gq77OO510UIhhHDVVU2oFB3Fh9v4d9JdkmECEot4QjRWZCFB3h2KBoqor2g9SoJV3kaV8sYyKe0w=="
        },
        "d3-array": {
          "version": "2.12.1",
          "resolved": "https://registry.npmjs.org/d3-array/-/d3-array-2.12.1.tgz",
          "integrity": "sha512-B0ErZK/66mHtEsR1TkPEEkwdy+WDesimkM5gpZr5Dsg54BiTA5RXtYW5qTLIAcekaS9xfZrzBLF/OAkB3Qn1YQ==",
          "requires": {
            "internmap": "^1.0.0"
          }
        },
        "d3-collection": {
          "version": "1.0.7",
          "resolved": "https://registry.npmjs.org/d3-collection/-/d3-collection-1.0.7.tgz",
          "integrity": "sha512-ii0/r5f4sjKNTfh84Di+DpztYwqKhEyUlKoPrzUFfeSkWxjW49xU2QzO9qrPrNkpdI0XJkfzvmTu8V2Zylln6A=="
        },
        "d3-color": {
          "version": "2.0.0",
          "resolved": "https://registry.npmjs.org/d3-color/-/d3-color-2.0.0.tgz",
          "integrity": "sha512-SPXi0TSKPD4g9tw0NMZFnR95XVgUZiBH+uUTqQuDu1OsE2zomHU7ho0FISciaPvosimixwHFl3WHLGabv6dDgQ=="
        },
        "d3-dispatch": {
          "version": "2.0.0",
          "resolved": "https://registry.npmjs.org/d3-dispatch/-/d3-dispatch-2.0.0.tgz",
          "integrity": "sha512-S/m2VsXI7gAti2pBoLClFFTMOO1HTtT0j99AuXLoGFKO6deHDdnv6ZGTxSTTUTgO1zVcv82fCOtDjYK4EECmWA=="
        },
        "d3-ease": {
          "version": "2.0.0",
          "resolved": "https://registry.npmjs.org/d3-ease/-/d3-ease-2.0.0.tgz",
          "integrity": "sha512-68/n9JWarxXkOWMshcT5IcjbB+agblQUaIsbnXmrzejn2O82n3p2A9R2zEB9HIEFWKFwPAEDDN8gR0VdSAyyAQ=="
        },
        "d3-interpolate": {
          "version": "2.0.1",
          "resolved": "https://registry.npmjs.org/d3-interpolate/-/d3-interpolate-2.0.1.tgz",
          "integrity": "sha512-c5UhwwTs/yybcmTpAVqwSFl6vrQ8JZJoT5F7xNFK9pymv5C0Ymcc9/LIJHtYIggg/yS9YHw8i8O8tgb9pupjeQ==",
          "requires": {
            "d3-color": "1 - 2"
          }
        },
        "d3-selection": {
          "version": "2.0.0",
          "resolved": "https://registry.npmjs.org/d3-selection/-/d3-selection-2.0.0.tgz",
          "integrity": "sha512-XoGGqhLUN/W14NmaqcO/bb1nqjDAw5WtSYb2X8wiuQWvSZUsUVYsOSkOybUrNvcBjaywBdYPy03eXHMXjk9nZA=="
        },
        "d3-timer": {
          "version": "2.0.0",
          "resolved": "https://registry.npmjs.org/d3-timer/-/d3-timer-2.0.0.tgz",
          "integrity": "sha512-TO4VLh0/420Y/9dO3+f9abDEFYeCUr2WZRlxJvbp4HPTQcSylXNiL6yZa9FIUvV1yRiFufl1bszTCLDqv9PWNA=="
        },
        "d3-transition": {
          "version": "2.0.0",
          "resolved": "https://registry.npmjs.org/d3-transition/-/d3-transition-2.0.0.tgz",
          "integrity": "sha512-42ltAGgJesfQE3u9LuuBHNbGrI/AJjNL2OAUdclE70UE6Vy239GCBEYD38uBPoLeNsOhFStGpPI0BAOV+HMxog==",
          "requires": {
            "d3-color": "1 - 2",
            "d3-dispatch": "1 - 2",
            "d3-ease": "1 - 2",
            "d3-interpolate": "1 - 2",
            "d3-timer": "1 - 2"
          }
        },
        "d3plus-common": {
          "version": "1.1.1",
          "resolved": "https://registry.npmjs.org/d3plus-common/-/d3plus-common-1.1.1.tgz",
          "integrity": "sha512-Jb/KOLf6xB3jCBnN5lCOeUx+pZcAVP4lUrYDK5d1yDR+tlrxf2YyEzG9NRBH9O12AQk+luwT4cGoglOak5PLWA==",
          "requires": {
            "d3-array": "^2.11.0",
            "d3-collection": "^1.0.7",
            "d3-selection": "^2.0.0",
            "d3-transition": "^2.0.0",
            "iso639-codes": "^1.0.1",
            "windows-locale": "^1.0.1"
          }
        },
        "d3plus-text": {
          "version": "1.0.3",
          "resolved": "https://registry.npmjs.org/d3plus-text/-/d3plus-text-1.0.3.tgz",
          "integrity": "sha512-BBILwxujw7lf2/qnvIp+Zzuh7WUomXopDGkBM2+UBlNfLM58cQ5sljnUUajObbYYzlFDQm6PW+PZppbRJul2JA==",
          "requires": {
            "d3-array": "^2.11.0",
            "d3-selection": "^2.0.0",
            "d3-transition": "^2.0.0",
            "d3plus-common": "^1.1.0"
          }
        },
        "internmap": {
          "version": "1.0.1",
          "resolved": "https://registry.npmjs.org/internmap/-/internmap-1.0.1.tgz",
          "integrity": "sha512-lDB5YccMydFBtasVtxnZ3MRBHuaoE8GKsppq+EchKL2U4nK/DmEpPHNH8MZe5HkMtpSiTSOZwfN0tzYjO/lJEw=="
        },
        "iso639-codes": {
          "version": "1.0.1",
          "resolved": "https://registry.npmjs.org/iso639-codes/-/iso639-codes-1.0.1.tgz",
          "integrity": "sha512-jdTSv8yn6D7GODDrRtuWG7y3du3aoa+ki5H8h/Y48/NleNAd7Fw/M2niTTLXGH4QnqhJ98hg1JMQtP9csQ31Lg=="
        },
        "windows-locale": {
          "version": "1.1.3",
          "resolved": "https://registry.npmjs.org/windows-locale/-/windows-locale-1.1.3.tgz",
          "integrity": "sha512-0OlMOPNGj7GTB6C7WmqS3o4eydjnoYj0uwot2KJf7E0JUucwYwzkcvCWQwnuOV60WqDMeGJpSankgveNMj5r0g=="
        }
      }
    }
  }
}
